// !$*UTF8*$!
{
	archiveVersion = 1;
	classes = {
	};
	objectVersion = 50;
	objects = {

/* Begin PBXBuildFile section */
		2ED6A41227420A9D00FE9793 /* (null) in Sources */ = {isa = PBXBuildFile; };
		CA03B4FB2742079900FE193F /* HabitsView.swift in Sources */ = {isa = PBXBuildFile; fileRef = CA03B4FA2742079900FE193F /* HabitsView.swift */; };
		CA03B5062742184F00FE193F /* HomeView.swift in Sources */ = {isa = PBXBuildFile; fileRef = CA03B5052742184F00FE193F /* HomeView.swift */; };
		CAAC0467273E9D7E00C95093 /* HabitatorApp.swift in Sources */ = {isa = PBXBuildFile; fileRef = CAAC0466273E9D7E00C95093 /* HabitatorApp.swift */; };
		CAAC0469273E9D7E00C95093 /* ContentView.swift in Sources */ = {isa = PBXBuildFile; fileRef = CAAC0468273E9D7E00C95093 /* ContentView.swift */; };
		CAAC046B273E9D8000C95093 /* Assets.xcassets in Resources */ = {isa = PBXBuildFile; fileRef = CAAC046A273E9D8000C95093 /* Assets.xcassets */; };
		CAAC046E273E9D8000C95093 /* Preview Assets.xcassets in Resources */ = {isa = PBXBuildFile; fileRef = CAAC046D273E9D8000C95093 /* Preview Assets.xcassets */; };
		CAAC0479273E9D8000C95093 /* HabitatorTests.swift in Sources */ = {isa = PBXBuildFile; fileRef = CAAC0478273E9D8000C95093 /* HabitatorTests.swift */; };
		CAAC0484273E9D8000C95093 /* HabitatorUITests.swift in Sources */ = {isa = PBXBuildFile; fileRef = CAAC0483273E9D8000C95093 /* HabitatorUITests.swift */; };
		CAAD7B782747422A00A1DF35 /* HeatmapView.swift in Sources */ = {isa = PBXBuildFile; fileRef = CAAD7B772747422A00A1DF35 /* HeatmapView.swift */; };
/* End PBXBuildFile section */

/* Begin PBXContainerItemProxy section */
		CAAC0475273E9D8000C95093 /* PBXContainerItemProxy */ = {
			isa = PBXContainerItemProxy;
			containerPortal = CAAC045B273E9D7E00C95093 /* Project object */;
			proxyType = 1;
			remoteGlobalIDString = CAAC0462273E9D7E00C95093;
			remoteInfo = Habitator;
		};
		CAAC0480273E9D8000C95093 /* PBXContainerItemProxy */ = {
			isa = PBXContainerItemProxy;
			containerPortal = CAAC045B273E9D7E00C95093 /* Project object */;
			proxyType = 1;
			remoteGlobalIDString = CAAC0462273E9D7E00C95093;
			remoteInfo = Habitator;
		};
/* End PBXContainerItemProxy section */

/* Begin PBXFileReference section */
		CA03B4FA2742079900FE193F /* HabitsView.swift */ = {isa = PBXFileReference; lastKnownFileType = sourcecode.swift; path = HabitsView.swift; sourceTree = "<group>"; };
		CA03B5052742184F00FE193F /* HomeView.swift */ = {isa = PBXFileReference; lastKnownFileType = sourcecode.swift; path = HomeView.swift; sourceTree = "<group>"; };
		CAAC0463273E9D7E00C95093 /* Habitator.app */ = {isa = PBXFileReference; explicitFileType = wrapper.application; includeInIndex = 0; path = Habitator.app; sourceTree = BUILT_PRODUCTS_DIR; };
		CAAC0466273E9D7E00C95093 /* HabitatorApp.swift */ = {isa = PBXFileReference; lastKnownFileType = sourcecode.swift; path = HabitatorApp.swift; sourceTree = "<group>"; };
		CAAC0468273E9D7E00C95093 /* ContentView.swift */ = {isa = PBXFileReference; lastKnownFileType = sourcecode.swift; path = ContentView.swift; sourceTree = "<group>"; };
		CAAC046A273E9D8000C95093 /* Assets.xcassets */ = {isa = PBXFileReference; lastKnownFileType = folder.assetcatalog; path = Assets.xcassets; sourceTree = "<group>"; };
		CAAC046D273E9D8000C95093 /* Preview Assets.xcassets */ = {isa = PBXFileReference; lastKnownFileType = folder.assetcatalog; path = "Preview Assets.xcassets"; sourceTree = "<group>"; };
		CAAC046F273E9D8000C95093 /* Info.plist */ = {isa = PBXFileReference; lastKnownFileType = text.plist.xml; path = Info.plist; sourceTree = "<group>"; };
		CAAC0474273E9D8000C95093 /* HabitatorTests.xctest */ = {isa = PBXFileReference; explicitFileType = wrapper.cfbundle; includeInIndex = 0; path = HabitatorTests.xctest; sourceTree = BUILT_PRODUCTS_DIR; };
		CAAC0478273E9D8000C95093 /* HabitatorTests.swift */ = {isa = PBXFileReference; lastKnownFileType = sourcecode.swift; path = HabitatorTests.swift; sourceTree = "<group>"; };
		CAAC047A273E9D8000C95093 /* Info.plist */ = {isa = PBXFileReference; lastKnownFileType = text.plist.xml; path = Info.plist; sourceTree = "<group>"; };
		CAAC047F273E9D8000C95093 /* HabitatorUITests.xctest */ = {isa = PBXFileReference; explicitFileType = wrapper.cfbundle; includeInIndex = 0; path = HabitatorUITests.xctest; sourceTree = BUILT_PRODUCTS_DIR; };
		CAAC0483273E9D8000C95093 /* HabitatorUITests.swift */ = {isa = PBXFileReference; lastKnownFileType = sourcecode.swift; path = HabitatorUITests.swift; sourceTree = "<group>"; };
		CAAC0485273E9D8000C95093 /* Info.plist */ = {isa = PBXFileReference; lastKnownFileType = text.plist.xml; path = Info.plist; sourceTree = "<group>"; };
		CAAD7B772747422A00A1DF35 /* HeatmapView.swift */ = {isa = PBXFileReference; lastKnownFileType = sourcecode.swift; name = HeatmapView.swift; path = ../../../Desktop/HeatmapView.swift; sourceTree = "<group>"; };
/* End PBXFileReference section */

/* Begin PBXFrameworksBuildPhase section */
		CAAC0460273E9D7E00C95093 /* Frameworks */ = {
			isa = PBXFrameworksBuildPhase;
			buildActionMask = 2147483647;
			files = (
			);
			runOnlyForDeploymentPostprocessing = 0;
		};
		CAAC0471273E9D8000C95093 /* Frameworks */ = {
			isa = PBXFrameworksBuildPhase;
			buildActionMask = 2147483647;
			files = (
			);
			runOnlyForDeploymentPostprocessing = 0;
		};
		CAAC047C273E9D8000C95093 /* Frameworks */ = {
			isa = PBXFrameworksBuildPhase;
			buildActionMask = 2147483647;
			files = (
			);
			runOnlyForDeploymentPostprocessing = 0;
		};
/* End PBXFrameworksBuildPhase section */

/* Begin PBXGroup section */
		CAAC045A273E9D7D00C95093 = {
			isa = PBXGroup;
			children = (
				CAAC0465273E9D7E00C95093 /* Habitator */,
				CAAC0477273E9D8000C95093 /* HabitatorTests */,
				CAAC0482273E9D8000C95093 /* HabitatorUITests */,
				CAAC0464273E9D7E00C95093 /* Products */,
			);
			sourceTree = "<group>";
		};
		CAAC0464273E9D7E00C95093 /* Products */ = {
			isa = PBXGroup;
			children = (
				CAAC0463273E9D7E00C95093 /* Habitator.app */,
				CAAC0474273E9D8000C95093 /* HabitatorTests.xctest */,
				CAAC047F273E9D8000C95093 /* HabitatorUITests.xctest */,
			);
			name = Products;
			sourceTree = "<group>";
		};
		CAAC0465273E9D7E00C95093 /* Habitator */ = {
			isa = PBXGroup;
			children = (
				CAAC0466273E9D7E00C95093 /* HabitatorApp.swift */,
				CAAC0468273E9D7E00C95093 /* ContentView.swift */,
				CAAC046A273E9D8000C95093 /* Assets.xcassets */,
				CAAC046F273E9D8000C95093 /* Info.plist */,
				CAAC046C273E9D8000C95093 /* Preview Content */,
				CA03B4FA2742079900FE193F /* HabitsView.swift */,
				CA03B5052742184F00FE193F /* HomeView.swift */,
				CAAD7B772747422A00A1DF35 /* HeatmapView.swift */,
			);
			path = Habitator;
			sourceTree = "<group>";
		};
		CAAC046C273E9D8000C95093 /* Preview Content */ = {
			isa = PBXGroup;
			children = (
				CAAC046D273E9D8000C95093 /* Preview Assets.xcassets */,
			);
			path = "Preview Content";
			sourceTree = "<group>";
		};
		CAAC0477273E9D8000C95093 /* HabitatorTests */ = {
			isa = PBXGroup;
			children = (
				CAAC0478273E9D8000C95093 /* HabitatorTests.swift */,
				CAAC047A273E9D8000C95093 /* Info.plist */,
			);
			path = HabitatorTests;
			sourceTree = "<group>";
		};
		CAAC0482273E9D8000C95093 /* HabitatorUITests */ = {
			isa = PBXGroup;
			children = (
				CAAC0483273E9D8000C95093 /* HabitatorUITests.swift */,
				CAAC0485273E9D8000C95093 /* Info.plist */,
			);
			path = HabitatorUITests;
			sourceTree = "<group>";
		};
/* End PBXGroup section */

/* Begin PBXNativeTarget section */
		CAAC0462273E9D7E00C95093 /* Habitator */ = {
			isa = PBXNativeTarget;
			buildConfigurationList = CAAC0488273E9D8000C95093 /* Build configuration list for PBXNativeTarget "Habitator" */;
			buildPhases = (
				CAAC045F273E9D7E00C95093 /* Sources */,
				CAAC0460273E9D7E00C95093 /* Frameworks */,
				CAAC0461273E9D7E00C95093 /* Resources */,
			);
			buildRules = (
			);
			dependencies = (
			);
			name = Habitator;
			productName = Habitator;
			productReference = CAAC0463273E9D7E00C95093 /* Habitator.app */;
			productType = "com.apple.product-type.application";
		};
		CAAC0473273E9D8000C95093 /* HabitatorTests */ = {
			isa = PBXNativeTarget;
			buildConfigurationList = CAAC048B273E9D8000C95093 /* Build configuration list for PBXNativeTarget "HabitatorTests" */;
			buildPhases = (
				CAAC0470273E9D8000C95093 /* Sources */,
				CAAC0471273E9D8000C95093 /* Frameworks */,
				CAAC0472273E9D8000C95093 /* Resources */,
			);
			buildRules = (
			);
			dependencies = (
				CAAC0476273E9D8000C95093 /* PBXTargetDependency */,
			);
			name = HabitatorTests;
			productName = HabitatorTests;
			productReference = CAAC0474273E9D8000C95093 /* HabitatorTests.xctest */;
			productType = "com.apple.product-type.bundle.unit-test";
		};
		CAAC047E273E9D8000C95093 /* HabitatorUITests */ = {
			isa = PBXNativeTarget;
			buildConfigurationList = CAAC048E273E9D8000C95093 /* Build configuration list for PBXNativeTarget "HabitatorUITests" */;
			buildPhases = (
				CAAC047B273E9D8000C95093 /* Sources */,
				CAAC047C273E9D8000C95093 /* Frameworks */,
				CAAC047D273E9D8000C95093 /* Resources */,
			);
			buildRules = (
			);
			dependencies = (
				CAAC0481273E9D8000C95093 /* PBXTargetDependency */,
			);
			name = HabitatorUITests;
			productName = HabitatorUITests;
			productReference = CAAC047F273E9D8000C95093 /* HabitatorUITests.xctest */;
			productType = "com.apple.product-type.bundle.ui-testing";
		};
/* End PBXNativeTarget section */

/* Begin PBXProject section */
		CAAC045B273E9D7E00C95093 /* Project object */ = {
			isa = PBXProject;
			attributes = {
				LastSwiftUpdateCheck = 1240;
				LastUpgradeCheck = 1240;
				TargetAttributes = {
					CAAC0462273E9D7E00C95093 = {
						CreatedOnToolsVersion = 12.4;
					};
					CAAC0473273E9D8000C95093 = {
						CreatedOnToolsVersion = 12.4;
						TestTargetID = CAAC0462273E9D7E00C95093;
					};
					CAAC047E273E9D8000C95093 = {
						CreatedOnToolsVersion = 12.4;
						TestTargetID = CAAC0462273E9D7E00C95093;
					};
				};
			};
			buildConfigurationList = CAAC045E273E9D7E00C95093 /* Build configuration list for PBXProject "Habitator" */;
			compatibilityVersion = "Xcode 9.3";
			developmentRegion = en;
			hasScannedForEncodings = 0;
			knownRegions = (
				en,
				Base,
			);
			mainGroup = CAAC045A273E9D7D00C95093;
			productRefGroup = CAAC0464273E9D7E00C95093 /* Products */;
			projectDirPath = "";
			projectRoot = "";
			targets = (
				CAAC0462273E9D7E00C95093 /* Habitator */,
				CAAC0473273E9D8000C95093 /* HabitatorTests */,
				CAAC047E273E9D8000C95093 /* HabitatorUITests */,
			);
		};
/* End PBXProject section */

/* Begin PBXResourcesBuildPhase section */
		CAAC0461273E9D7E00C95093 /* Resources */ = {
			isa = PBXResourcesBuildPhase;
			buildActionMask = 2147483647;
			files = (
				CAAC046E273E9D8000C95093 /* Preview Assets.xcassets in Resources */,
				CAAC046B273E9D8000C95093 /* Assets.xcassets in Resources */,
			);
			runOnlyForDeploymentPostprocessing = 0;
		};
		CAAC0472273E9D8000C95093 /* Resources */ = {
			isa = PBXResourcesBuildPhase;
			buildActionMask = 2147483647;
			files = (
			);
			runOnlyForDeploymentPostprocessing = 0;
		};
		CAAC047D273E9D8000C95093 /* Resources */ = {
			isa = PBXResourcesBuildPhase;
			buildActionMask = 2147483647;
			files = (
			);
			runOnlyForDeploymentPostprocessing = 0;
		};
/* End PBXResourcesBuildPhase section */

/* Begin PBXSourcesBuildPhase section */
		CAAC045F273E9D7E00C95093 /* Sources */ = {
			isa = PBXSourcesBuildPhase;
			buildActionMask = 2147483647;
			files = (
				CAAC0469273E9D7E00C95093 /* ContentView.swift in Sources */,
				CA03B4FB2742079900FE193F /* HabitsView.swift in Sources */,
				CAAC0467273E9D7E00C95093 /* HabitatorApp.swift in Sources */,
				CA03B5062742184F00FE193F /* HomeView.swift in Sources */,
				2ED6A41227420A9D00FE9793 /* (null) in Sources */,
				CAAD7B782747422A00A1DF35 /* HeatmapView.swift in Sources */,
			);
			runOnlyForDeploymentPostprocessing = 0;
		};
		CAAC0470273E9D8000C95093 /* Sources */ = {
			isa = PBXSourcesBuildPhase;
			buildActionMask = 2147483647;
			files = (
				CAAC0479273E9D8000C95093 /* HabitatorTests.swift in Sources */,
			);
			runOnlyForDeploymentPostprocessing = 0;
		};
		CAAC047B273E9D8000C95093 /* Sources */ = {
			isa = PBXSourcesBuildPhase;
			buildActionMask = 2147483647;
			files = (
				CAAC0484273E9D8000C95093 /* HabitatorUITests.swift in Sources */,
			);
			runOnlyForDeploymentPostprocessing = 0;
		};
/* End PBXSourcesBuildPhase section */

/* Begin PBXTargetDependency section */
		CAAC0476273E9D8000C95093 /* PBXTargetDependency */ = {
			isa = PBXTargetDependency;
			target = CAAC0462273E9D7E00C95093 /* Habitator */;
			targetProxy = CAAC0475273E9D8000C95093 /* PBXContainerItemProxy */;
		};
		CAAC0481273E9D8000C95093 /* PBXTargetDependency */ = {
			isa = PBXTargetDependency;
			target = CAAC0462273E9D7E00C95093 /* Habitator */;
			targetProxy = CAAC0480273E9D8000C95093 /* PBXContainerItemProxy */;
		};
/* End PBXTargetDependency section */

/* Begin XCBuildConfiguration section */
		CAAC0486273E9D8000C95093 /* Debug */ = {
			isa = XCBuildConfiguration;
			buildSettings = {
				ALWAYS_SEARCH_USER_PATHS = NO;
				CLANG_ANALYZER_NONNULL = YES;
				CLANG_ANALYZER_NUMBER_OBJECT_CONVERSION = YES_AGGRESSIVE;
				CLANG_CXX_LANGUAGE_STANDARD = "gnu++14";
				CLANG_CXX_LIBRARY = "libc++";
				CLANG_ENABLE_MODULES = YES;
				CLANG_ENABLE_OBJC_ARC = YES;
				CLANG_ENABLE_OBJC_WEAK = YES;
				CLANG_WARN_BLOCK_CAPTURE_AUTORELEASING = YES;
				CLANG_WARN_BOOL_CONVERSION = YES;
				CLANG_WARN_COMMA = YES;
				CLANG_WARN_CONSTANT_CONVERSION = YES;
				CLANG_WARN_DEPRECATED_OBJC_IMPLEMENTATIONS = YES;
				CLANG_WARN_DIRECT_OBJC_ISA_USAGE = YES_ERROR;
				CLANG_WARN_DOCUMENTATION_COMMENTS = YES;
				CLANG_WARN_EMPTY_BODY = YES;
				CLANG_WARN_ENUM_CONVERSION = YES;
				CLANG_WARN_INFINITE_RECURSION = YES;
				CLANG_WARN_INT_CONVERSION = YES;
				CLANG_WARN_NON_LITERAL_NULL_CONVERSION = YES;
				CLANG_WARN_OBJC_IMPLICIT_RETAIN_SELF = YES;
				CLANG_WARN_OBJC_LITERAL_CONVERSION = YES;
				CLANG_WARN_OBJC_ROOT_CLASS = YES_ERROR;
				CLANG_WARN_QUOTED_INCLUDE_IN_FRAMEWORK_HEADER = YES;
				CLANG_WARN_RANGE_LOOP_ANALYSIS = YES;
				CLANG_WARN_STRICT_PROTOTYPES = YES;
				CLANG_WARN_SUSPICIOUS_MOVE = YES;
				CLANG_WARN_UNGUARDED_AVAILABILITY = YES_AGGRESSIVE;
				CLANG_WARN_UNREACHABLE_CODE = YES;
				CLANG_WARN__DUPLICATE_METHOD_MATCH = YES;
				COPY_PHASE_STRIP = NO;
				DEBUG_INFORMATION_FORMAT = dwarf;
				ENABLE_STRICT_OBJC_MSGSEND = YES;
				ENABLE_TESTABILITY = YES;
				GCC_C_LANGUAGE_STANDARD = gnu11;
				GCC_DYNAMIC_NO_PIC = NO;
				GCC_NO_COMMON_BLOCKS = YES;
				GCC_OPTIMIZATION_LEVEL = 0;
				GCC_PREPROCESSOR_DEFINITIONS = (
					"DEBUG=1",
					"$(inherited)",
				);
				GCC_WARN_64_TO_32_BIT_CONVERSION = YES;
				GCC_WARN_ABOUT_RETURN_TYPE = YES_ERROR;
				GCC_WARN_UNDECLARED_SELECTOR = YES;
				GCC_WARN_UNINITIALIZED_AUTOS = YES_AGGRESSIVE;
				GCC_WARN_UNUSED_FUNCTION = YES;
				GCC_WARN_UNUSED_VARIABLE = YES;
				IPHONEOS_DEPLOYMENT_TARGET = 14.4;
				MTL_ENABLE_DEBUG_INFO = INCLUDE_SOURCE;
				MTL_FAST_MATH = YES;
				ONLY_ACTIVE_ARCH = YES;
				SDKROOT = iphoneos;
				SWIFT_ACTIVE_COMPILATION_CONDITIONS = DEBUG;
				SWIFT_OPTIMIZATION_LEVEL = "-Onone";
			};
			name = Debug;
		};
		CAAC0487273E9D8000C95093 /* Release */ = {
			isa = XCBuildConfiguration;
			buildSettings = {
				ALWAYS_SEARCH_USER_PATHS = NO;
				CLANG_ANALYZER_NONNULL = YES;
				CLANG_ANALYZER_NUMBER_OBJECT_CONVERSION = YES_AGGRESSIVE;
				CLANG_CXX_LANGUAGE_STANDARD = "gnu++14";
				CLANG_CXX_LIBRARY = "libc++";
				CLANG_ENABLE_MODULES = YES;
				CLANG_ENABLE_OBJC_ARC = YES;
				CLANG_ENABLE_OBJC_WEAK = YES;
				CLANG_WARN_BLOCK_CAPTURE_AUTORELEASING = YES;
				CLANG_WARN_BOOL_CONVERSION = YES;
				CLANG_WARN_COMMA = YES;
				CLANG_WARN_CONSTANT_CONVERSION = YES;
				CLANG_WARN_DEPRECATED_OBJC_IMPLEMENTATIONS = YES;
				CLANG_WARN_DIRECT_OBJC_ISA_USAGE = YES_ERROR;
				CLANG_WARN_DOCUMENTATION_COMMENTS = YES;
				CLANG_WARN_EMPTY_BODY = YES;
				CLANG_WARN_ENUM_CONVERSION = YES;
				CLANG_WARN_INFINITE_RECURSION = YES;
				CLANG_WARN_INT_CONVERSION = YES;
				CLANG_WARN_NON_LITERAL_NULL_CONVERSION = YES;
				CLANG_WARN_OBJC_IMPLICIT_RETAIN_SELF = YES;
				CLANG_WARN_OBJC_LITERAL_CONVERSION = YES;
				CLANG_WARN_OBJC_ROOT_CLASS = YES_ERROR;
				CLANG_WARN_QUOTED_INCLUDE_IN_FRAMEWORK_HEADER = YES;
				CLANG_WARN_RANGE_LOOP_ANALYSIS = YES;
				CLANG_WARN_STRICT_PROTOTYPES = YES;
				CLANG_WARN_SUSPICIOUS_MOVE = YES;
				CLANG_WARN_UNGUARDED_AVAILABILITY = YES_AGGRESSIVE;
				CLANG_WARN_UNREACHABLE_CODE = YES;
				CLANG_WARN__DUPLICATE_METHOD_MATCH = YES;
				COPY_PHASE_STRIP = NO;
				DEBUG_INFORMATION_FORMAT = "dwarf-with-dsym";
				ENABLE_NS_ASSERTIONS = NO;
				ENABLE_STRICT_OBJC_MSGSEND = YES;
				GCC_C_LANGUAGE_STANDARD = gnu11;
				GCC_NO_COMMON_BLOCKS = YES;
				GCC_WARN_64_TO_32_BIT_CONVERSION = YES;
				GCC_WARN_ABOUT_RETURN_TYPE = YES_ERROR;
				GCC_WARN_UNDECLARED_SELECTOR = YES;
				GCC_WARN_UNINITIALIZED_AUTOS = YES_AGGRESSIVE;
				GCC_WARN_UNUSED_FUNCTION = YES;
				GCC_WARN_UNUSED_VARIABLE = YES;
				IPHONEOS_DEPLOYMENT_TARGET = 14.4;
				MTL_ENABLE_DEBUG_INFO = NO;
				MTL_FAST_MATH = YES;
				SDKROOT = iphoneos;
				SWIFT_COMPILATION_MODE = wholemodule;
				SWIFT_OPTIMIZATION_LEVEL = "-O";
				VALIDATE_PRODUCT = YES;
			};
			name = Release;
		};
		CAAC0489273E9D8000C95093 /* Debug */ = {
			isa = XCBuildConfiguration;
			buildSettings = {
				ASSETCATALOG_COMPILER_APPICON_NAME = AppIcon;
				ASSETCATALOG_COMPILER_GLOBAL_ACCENT_COLOR_NAME = AccentColor;
				CODE_SIGN_STYLE = Automatic;
				DEVELOPMENT_ASSET_PATHS = "\"Habitator/Preview Content\"";
				ENABLE_PREVIEWS = YES;
				INFOPLIST_FILE = Habitator/Info.plist;
				IPHONEOS_DEPLOYMENT_TARGET = 14.0;
				LD_RUNPATH_SEARCH_PATHS = (
					"$(inherited)",
					"@executable_path/Frameworks",
				);
				PRODUCT_BUNDLE_IDENTIFIER = sg.tk.Habitator;
				PRODUCT_NAME = "$(TARGET_NAME)";
				SWIFT_VERSION = 5.0;
				TARGETED_DEVICE_FAMILY = "1,2";
			};
			name = Debug;
		};
		CAAC048A273E9D8000C95093 /* Release */ = {
			isa = XCBuildConfiguration;
			buildSettings = {
				ASSETCATALOG_COMPILER_APPICON_NAME = AppIcon;
				ASSETCATALOG_COMPILER_GLOBAL_ACCENT_COLOR_NAME = AccentColor;
				CODE_SIGN_STYLE = Automatic;
				DEVELOPMENT_ASSET_PATHS = "\"Habitator/Preview Content\"";
				ENABLE_PREVIEWS = YES;
				INFOPLIST_FILE = Habitator/Info.plist;
				IPHONEOS_DEPLOYMENT_TARGET = 14.0;
				LD_RUNPATH_SEARCH_PATHS = (
					"$(inherited)",
					"@executable_path/Frameworks",
				);
				PRODUCT_BUNDLE_IDENTIFIER = sg.tk.Habitator;
				PRODUCT_NAME = "$(TARGET_NAME)";
				SWIFT_VERSION = 5.0;
				TARGETED_DEVICE_FAMILY = "1,2";
			};
			name = Release;
		};
		CAAC048C273E9D8000C95093 /* Debug */ = {
			isa = XCBuildConfiguration;
			buildSettings = {
				ALWAYS_EMBED_SWIFT_STANDARD_LIBRARIES = YES;
				BUNDLE_LOADER = "$(TEST_HOST)";
				CODE_SIGN_STYLE = Automatic;
				INFOPLIST_FILE = HabitatorTests/Info.plist;
				IPHONEOS_DEPLOYMENT_TARGET = 14.0;
				LD_RUNPATH_SEARCH_PATHS = (
					"$(inherited)",
					"@executable_path/Frameworks",
					"@loader_path/Frameworks",
				);
				PRODUCT_BUNDLE_IDENTIFIER = sg.tk.HabitatorTests;
				PRODUCT_NAME = "$(TARGET_NAME)";
				SWIFT_VERSION = 5.0;
				TARGETED_DEVICE_FAMILY = "1,2";
				TEST_HOST = "$(BUILT_PRODUCTS_DIR)/Habitator.app/Habitator";
			};
			name = Debug;
		};
		CAAC048D273E9D8000C95093 /* Release */ = {
			isa = XCBuildConfiguration;
			buildSettings = {
				ALWAYS_EMBED_SWIFT_STANDARD_LIBRARIES = YES;
				BUNDLE_LOADER = "$(TEST_HOST)";
				CODE_SIGN_STYLE = Automatic;
				INFOPLIST_FILE = HabitatorTests/Info.plist;
				IPHONEOS_DEPLOYMENT_TARGET = 14.0;
				LD_RUNPATH_SEARCH_PATHS = (
					"$(inherited)",
					"@executable_path/Frameworks",
					"@loader_path/Frameworks",
				);
				PRODUCT_BUNDLE_IDENTIFIER = sg.tk.HabitatorTests;
				PRODUCT_NAME = "$(TARGET_NAME)";
				SWIFT_VERSION = 5.0;
				TARGETED_DEVICE_FAMILY = "1,2";
				TEST_HOST = "$(BUILT_PRODUCTS_DIR)/Habitator.app/Habitator";
			};
			name = Release;
		};
		CAAC048F273E9D8000C95093 /* Debug */ = {
			isa = XCBuildConfiguration;
			buildSettings = {
				ALWAYS_EMBED_SWIFT_STANDARD_LIBRARIES = YES;
				CODE_SIGN_STYLE = Automatic;
				INFOPLIST_FILE = HabitatorUITests/Info.plist;
				LD_RUNPATH_SEARCH_PATHS = (
					"$(inherited)",
					"@executable_path/Frameworks",
					"@loader_path/Frameworks",
				);
				PRODUCT_BUNDLE_IDENTIFIER = sg.tk.HabitatorUITests;
				PRODUCT_NAME = "$(TARGET_NAME)";
				SWIFT_VERSION = 5.0;
				TARGETED_DEVICE_FAMILY = "1,2";
				TEST_TARGET_NAME = Habitator;
			};
			name = Debug;
		};
		CAAC0490273E9D8000C95093 /* Release */ = {
			isa = XCBuildConfiguration;
			buildSettings = {
				ALWAYS_EMBED_SWIFT_STANDARD_LIBRARIES = YES;
				CODE_SIGN_STYLE = Automatic;
				INFOPLIST_FILE = HabitatorUITests/Info.plist;
				LD_RUNPATH_SEARCH_PATHS = (
					"$(inherited)",
					"@executable_path/Frameworks",
					"@loader_path/Frameworks",
				);
				PRODUCT_BUNDLE_IDENTIFIER = sg.tk.HabitatorUITests;
				PRODUCT_NAME = "$(TARGET_NAME)";
				SWIFT_VERSION = 5.0;
				TARGETED_DEVICE_FAMILY = "1,2";
				TEST_TARGET_NAME = Habitator;
			};
			name = Release;
		};
/* End XCBuildConfiguration section */

/* Begin XCConfigurationList section */
		CAAC045E273E9D7E00C95093 /* Build configuration list for PBXProject "Habitator" */ = {
			isa = XCConfigurationList;
			buildConfigurations = (
				CAAC0486273E9D8000C95093 /* Debug */,
				CAAC0487273E9D8000C95093 /* Release */,
			);
			defaultConfigurationIsVisible = 0;
			defaultConfigurationName = Release;
		};
		CAAC0488273E9D8000C95093 /* Build configuration list for PBXNativeTarget "Habitator" */ = {
			isa = XCConfigurationList;
			buildConfigurations = (
				CAAC0489273E9D8000C95093 /* Debug */,
				CAAC048A273E9D8000C95093 /* Release */,
			);
			defaultConfigurationIsVisible = 0;
			defaultConfigurationName = Release;
		};
		CAAC048B273E9D8000C95093 /* Build configuration list for PBXNativeTarget "HabitatorTests" */ = {
			isa = XCConfigurationList;
			buildConfigurations = (
				CAAC048C273E9D8000C95093 /* Debug */,
				CAAC048D273E9D8000C95093 /* Release */,
			);
			defaultConfigurationIsVisible = 0;
			defaultConfigurationName = Release;
		};
		CAAC048E273E9D8000C95093 /* Build configuration list for PBXNativeTarget "HabitatorUITests" */ = {
			isa = XCConfigurationList;
			buildConfigurations = (
				CAAC048F273E9D8000C95093 /* Debug */,
				CAAC0490273E9D8000C95093 /* Release */,
			);
			defaultConfigurationIsVisible = 0;
			defaultConfigurationName = Release;
		};
/* End XCConfigurationList section */
	};
	rootObject = CAAC045B273E9D7E00C95093 /* Project object */;
}
